// !$*UTF8*$!
{
	archiveVersion = 1;
	classes = {
	};
	objectVersion = 46;
	objects = {

/* Begin PBXBuildFile section */
		B5819E81D67A46E48D6BC7D6 /* libPods.a in Frameworks */ = {isa = PBXBuildFile; fileRef = 69CAE8F8A7FF4A7A99C78910 /* libPods.a */; };
		F55A4EDA18E584AA0092EB6A /* Foundation.framework in Frameworks */ = {isa = PBXBuildFile; fileRef = F55A4ED918E584AA0092EB6A /* Foundation.framework */; };
		F55A4EDC18E584AA0092EB6A /* CoreGraphics.framework in Frameworks */ = {isa = PBXBuildFile; fileRef = F55A4EDB18E584AA0092EB6A /* CoreGraphics.framework */; };
		F55A4EDE18E584AA0092EB6A /* UIKit.framework in Frameworks */ = {isa = PBXBuildFile; fileRef = F55A4EDD18E584AA0092EB6A /* UIKit.framework */; };
		F55A4EE418E584AA0092EB6A /* InfoPlist.strings in Resources */ = {isa = PBXBuildFile; fileRef = F55A4EE218E584AA0092EB6A /* InfoPlist.strings */; };
		F55A4EE618E584AA0092EB6A /* main.m in Sources */ = {isa = PBXBuildFile; fileRef = F55A4EE518E584AA0092EB6A /* main.m */; };
		F55A4EEA18E584AA0092EB6A /* CPAppDelegate.m in Sources */ = {isa = PBXBuildFile; fileRef = F55A4EE918E584AA0092EB6A /* CPAppDelegate.m */; };
		F55A4EED18E584AA0092EB6A /* Main_iPhone.storyboard in Resources */ = {isa = PBXBuildFile; fileRef = F55A4EEB18E584AA0092EB6A /* Main_iPhone.storyboard */; };
		F55A4EF018E584AA0092EB6A /* Main_iPad.storyboard in Resources */ = {isa = PBXBuildFile; fileRef = F55A4EEE18E584AA0092EB6A /* Main_iPad.storyboard */; };
		F55A4EF318E584AA0092EB6A /* CPViewController.m in Sources */ = {isa = PBXBuildFile; fileRef = F55A4EF218E584AA0092EB6A /* CPViewController.m */; };
		F55A4EF518E584AA0092EB6A /* Images.xcassets in Resources */ = {isa = PBXBuildFile; fileRef = F55A4EF418E584AA0092EB6A /* Images.xcassets */; };
		F55A4EFC18E584AA0092EB6A /* XCTest.framework in Frameworks */ = {isa = PBXBuildFile; fileRef = F55A4EFB18E584AA0092EB6A /* XCTest.framework */; };
		F55A4EFD18E584AA0092EB6A /* Foundation.framework in Frameworks */ = {isa = PBXBuildFile; fileRef = F55A4ED918E584AA0092EB6A /* Foundation.framework */; };
		F55A4EFE18E584AA0092EB6A /* UIKit.framework in Frameworks */ = {isa = PBXBuildFile; fileRef = F55A4EDD18E584AA0092EB6A /* UIKit.framework */; };
		F55A4F0618E584AA0092EB6A /* InfoPlist.strings in Resources */ = {isa = PBXBuildFile; fileRef = F55A4F0418E584AA0092EB6A /* InfoPlist.strings */; };
		F55A4F0818E584AA0092EB6A /* CPDemoAppTests.m in Sources */ = {isa = PBXBuildFile; fileRef = F55A4F0718E584AA0092EB6A /* CPDemoAppTests.m */; };
/* End PBXBuildFile section */

/* Begin PBXContainerItemProxy section */
		F55A4EFF18E584AA0092EB6A /* PBXContainerItemProxy */ = {
			isa = PBXContainerItemProxy;
			containerPortal = F55A4ECE18E584AA0092EB6A /* Project object */;
			proxyType = 1;
			remoteGlobalIDString = F55A4ED518E584AA0092EB6A;
			remoteInfo = CPDemoApp;
		};
/* End PBXContainerItemProxy section */

/* Begin PBXFileReference section */
		69CAE8F8A7FF4A7A99C78910 /* libPods.a */ = {isa = PBXFileReference; explicitFileType = archive.ar; includeInIndex = 0; path = libPods.a; sourceTree = BUILT_PRODUCTS_DIR; };
		F03C12D5C83842B896219CE7 /* Pods.xcconfig */ = {isa = PBXFileReference; includeInIndex = 1; lastKnownFileType = text.xcconfig; name = Pods.xcconfig; path = ../Pods/Pods.xcconfig; sourceTree = "<group>"; };
		F55A4ED618E584AA0092EB6A /* CPDemoApp.app */ = {isa = PBXFileReference; explicitFileType = wrapper.application; includeInIndex = 0; path = CPDemoApp.app; sourceTree = BUILT_PRODUCTS_DIR; };
		F55A4ED918E584AA0092EB6A /* Foundation.framework */ = {isa = PBXFileReference; lastKnownFileType = wrapper.framework; name = Foundation.framework; path = System/Library/Frameworks/Foundation.framework; sourceTree = SDKROOT; };
		F55A4EDB18E584AA0092EB6A /* CoreGraphics.framework */ = {isa = PBXFileReference; lastKnownFileType = wrapper.framework; name = CoreGraphics.framework; path = System/Library/Frameworks/CoreGraphics.framework; sourceTree = SDKROOT; };
		F55A4EDD18E584AA0092EB6A /* UIKit.framework */ = {isa = PBXFileReference; lastKnownFileType = wrapper.framework; name = UIKit.framework; path = System/Library/Frameworks/UIKit.framework; sourceTree = SDKROOT; };
		F55A4EE118E584AA0092EB6A /* CPDemoApp-Info.plist */ = {isa = PBXFileReference; lastKnownFileType = text.plist.xml; path = "CPDemoApp-Info.plist"; sourceTree = "<group>"; };
		F55A4EE318E584AA0092EB6A /* en */ = {isa = PBXFileReference; lastKnownFileType = text.plist.strings; name = en; path = en.lproj/InfoPlist.strings; sourceTree = "<group>"; };
		F55A4EE518E584AA0092EB6A /* main.m */ = {isa = PBXFileReference; lastKnownFileType = sourcecode.c.objc; path = main.m; sourceTree = "<group>"; };
		F55A4EE718E584AA0092EB6A /* CPDemoApp-Prefix.pch */ = {isa = PBXFileReference; lastKnownFileType = sourcecode.c.h; path = "CPDemoApp-Prefix.pch"; sourceTree = "<group>"; };
		F55A4EE818E584AA0092EB6A /* CPAppDelegate.h */ = {isa = PBXFileReference; lastKnownFileType = sourcecode.c.h; path = CPAppDelegate.h; sourceTree = "<group>"; };
		F55A4EE918E584AA0092EB6A /* CPAppDelegate.m */ = {isa = PBXFileReference; lastKnownFileType = sourcecode.c.objc; path = CPAppDelegate.m; sourceTree = "<group>"; };
		F55A4EEC18E584AA0092EB6A /* Base */ = {isa = PBXFileReference; lastKnownFileType = file.storyboard; name = Base; path = Base.lproj/Main_iPhone.storyboard; sourceTree = "<group>"; };
		F55A4EEF18E584AA0092EB6A /* Base */ = {isa = PBXFileReference; lastKnownFileType = file.storyboard; name = Base; path = Base.lproj/Main_iPad.storyboard; sourceTree = "<group>"; };
		F55A4EF118E584AA0092EB6A /* CPViewController.h */ = {isa = PBXFileReference; lastKnownFileType = sourcecode.c.h; path = CPViewController.h; sourceTree = "<group>"; };
		F55A4EF218E584AA0092EB6A /* CPViewController.m */ = {isa = PBXFileReference; lastKnownFileType = sourcecode.c.objc; path = CPViewController.m; sourceTree = "<group>"; };
		F55A4EF418E584AA0092EB6A /* Images.xcassets */ = {isa = PBXFileReference; lastKnownFileType = folder.assetcatalog; path = Images.xcassets; sourceTree = "<group>"; };
		F55A4EFA18E584AA0092EB6A /* CPDemoAppTests.xctest */ = {isa = PBXFileReference; explicitFileType = wrapper.cfbundle; includeInIndex = 0; path = CPDemoAppTests.xctest; sourceTree = BUILT_PRODUCTS_DIR; };
		F55A4EFB18E584AA0092EB6A /* XCTest.framework */ = {isa = PBXFileReference; lastKnownFileType = wrapper.framework; name = XCTest.framework; path = Library/Frameworks/XCTest.framework; sourceTree = DEVELOPER_DIR; };
		F55A4F0318E584AA0092EB6A /* CPDemoAppTests-Info.plist */ = {isa = PBXFileReference; lastKnownFileType = text.plist.xml; path = "CPDemoAppTests-Info.plist"; sourceTree = "<group>"; };
		F55A4F0518E584AA0092EB6A /* en */ = {isa = PBXFileReference; lastKnownFileType = text.plist.strings; name = en; path = en.lproj/InfoPlist.strings; sourceTree = "<group>"; };
		F55A4F0718E584AA0092EB6A /* CPDemoAppTests.m */ = {isa = PBXFileReference; lastKnownFileType = sourcecode.c.objc; path = CPDemoAppTests.m; sourceTree = "<group>"; };
/* End PBXFileReference section */

/* Begin PBXFrameworksBuildPhase section */
		F55A4ED318E584AA0092EB6A /* Frameworks */ = {
			isa = PBXFrameworksBuildPhase;
			buildActionMask = 2147483647;
			files = (
				F55A4EDC18E584AA0092EB6A /* CoreGraphics.framework in Frameworks */,
				F55A4EDE18E584AA0092EB6A /* UIKit.framework in Frameworks */,
				F55A4EDA18E584AA0092EB6A /* Foundation.framework in Frameworks */,
				B5819E81D67A46E48D6BC7D6 /* libPods.a in Frameworks */,
			);
			runOnlyForDeploymentPostprocessing = 0;
		};
		F55A4EF718E584AA0092EB6A /* Frameworks */ = {
			isa = PBXFrameworksBuildPhase;
			buildActionMask = 2147483647;
			files = (
				F55A4EFC18E584AA0092EB6A /* XCTest.framework in Frameworks */,
				F55A4EFE18E584AA0092EB6A /* UIKit.framework in Frameworks */,
				F55A4EFD18E584AA0092EB6A /* Foundation.framework in Frameworks */,
			);
			runOnlyForDeploymentPostprocessing = 0;
		};
/* End PBXFrameworksBuildPhase section */

/* Begin PBXGroup section */
		F55A4ECD18E584AA0092EB6A = {
			isa = PBXGroup;
			children = (
				F55A4EDF18E584AA0092EB6A /* CPDemoApp */,
				F55A4F0118E584AA0092EB6A /* CPDemoAppTests */,
				F55A4ED818E584AA0092EB6A /* Frameworks */,
				F55A4ED718E584AA0092EB6A /* Products */,
				F03C12D5C83842B896219CE7 /* Pods.xcconfig */,
			);
			sourceTree = "<group>";
		};
		F55A4ED718E584AA0092EB6A /* Products */ = {
			isa = PBXGroup;
			children = (
				F55A4ED618E584AA0092EB6A /* CPDemoApp.app */,
				F55A4EFA18E584AA0092EB6A /* CPDemoAppTests.xctest */,
			);
			name = Products;
			sourceTree = "<group>";
		};
		F55A4ED818E584AA0092EB6A /* Frameworks */ = {
			isa = PBXGroup;
			children = (
				F55A4ED918E584AA0092EB6A /* Foundation.framework */,
				F55A4EDB18E584AA0092EB6A /* CoreGraphics.framework */,
				F55A4EDD18E584AA0092EB6A /* UIKit.framework */,
				F55A4EFB18E584AA0092EB6A /* XCTest.framework */,
				69CAE8F8A7FF4A7A99C78910 /* libPods.a */,
			);
			name = Frameworks;
			sourceTree = "<group>";
		};
		F55A4EDF18E584AA0092EB6A /* CPDemoApp */ = {
			isa = PBXGroup;
			children = (
				F55A4EE818E584AA0092EB6A /* CPAppDelegate.h */,
				F55A4EE918E584AA0092EB6A /* CPAppDelegate.m */,
				F55A4EEB18E584AA0092EB6A /* Main_iPhone.storyboard */,
				F55A4EEE18E584AA0092EB6A /* Main_iPad.storyboard */,
				F55A4EF118E584AA0092EB6A /* CPViewController.h */,
				F55A4EF218E584AA0092EB6A /* CPViewController.m */,
				F55A4EF418E584AA0092EB6A /* Images.xcassets */,
				F55A4EE018E584AA0092EB6A /* Supporting Files */,
			);
			path = CPDemoApp;
			sourceTree = "<group>";
		};
		F55A4EE018E584AA0092EB6A /* Supporting Files */ = {
			isa = PBXGroup;
			children = (
				F55A4EE118E584AA0092EB6A /* CPDemoApp-Info.plist */,
				F55A4EE218E584AA0092EB6A /* InfoPlist.strings */,
				F55A4EE518E584AA0092EB6A /* main.m */,
				F55A4EE718E584AA0092EB6A /* CPDemoApp-Prefix.pch */,
			);
			name = "Supporting Files";
			sourceTree = "<group>";
		};
		F55A4F0118E584AA0092EB6A /* CPDemoAppTests */ = {
			isa = PBXGroup;
			children = (
				F55A4F0718E584AA0092EB6A /* CPDemoAppTests.m */,
				F55A4F0218E584AA0092EB6A /* Supporting Files */,
			);
			path = CPDemoAppTests;
			sourceTree = "<group>";
		};
		F55A4F0218E584AA0092EB6A /* Supporting Files */ = {
			isa = PBXGroup;
			children = (
				F55A4F0318E584AA0092EB6A /* CPDemoAppTests-Info.plist */,
				F55A4F0418E584AA0092EB6A /* InfoPlist.strings */,
			);
			name = "Supporting Files";
			sourceTree = "<group>";
		};
/* End PBXGroup section */

/* Begin PBXNativeTarget section */
		F55A4ED518E584AA0092EB6A /* CPDemoApp */ = {
			isa = PBXNativeTarget;
			buildConfigurationList = F55A4F0B18E584AA0092EB6A /* Build configuration list for PBXNativeTarget "CPDemoApp" */;
			buildPhases = (
				60C8D4B86C0D4216BFB812DE /* Check Pods Manifest.lock */,
				F55A4ED218E584AA0092EB6A /* Sources */,
				F55A4ED318E584AA0092EB6A /* Frameworks */,
				F55A4ED418E584AA0092EB6A /* Resources */,
				BD40357AE11C4C28A55CB735 /* Copy Pods Resources */,
			);
			buildRules = (
			);
			dependencies = (
			);
			name = CPDemoApp;
			productName = CPDemoApp;
			productReference = F55A4ED618E584AA0092EB6A /* CPDemoApp.app */;
			productType = "com.apple.product-type.application";
		};
		F55A4EF918E584AA0092EB6A /* CPDemoAppTests */ = {
			isa = PBXNativeTarget;
			buildConfigurationList = F55A4F0E18E584AA0092EB6A /* Build configuration list for PBXNativeTarget "CPDemoAppTests" */;
			buildPhases = (
				F55A4EF618E584AA0092EB6A /* Sources */,
				F55A4EF718E584AA0092EB6A /* Frameworks */,
				F55A4EF818E584AA0092EB6A /* Resources */,
			);
			buildRules = (
			);
			dependencies = (
				F55A4F0018E584AA0092EB6A /* PBXTargetDependency */,
			);
			name = CPDemoAppTests;
			productName = CPDemoAppTests;
			productReference = F55A4EFA18E584AA0092EB6A /* CPDemoAppTests.xctest */;
			productType = "com.apple.product-type.bundle.unit-test";
		};
/* End PBXNativeTarget section */

/* Begin PBXProject section */
		F55A4ECE18E584AA0092EB6A /* Project object */ = {
			isa = PBXProject;
			attributes = {
				CLASSPREFIX = CP;
				LastUpgradeCheck = 0510;
				ORGANIZATIONNAME = "Mica Huynh";
				TargetAttributes = {
					F55A4EF918E584AA0092EB6A = {
						TestTargetID = F55A4ED518E584AA0092EB6A;
					};
				};
			};
			buildConfigurationList = F55A4ED118E584AA0092EB6A /* Build configuration list for PBXProject "CPDemoApp" */;
			compatibilityVersion = "Xcode 3.2";
			developmentRegion = English;
			hasScannedForEncodings = 0;
			knownRegions = (
				en,
				Base,
			);
			mainGroup = F55A4ECD18E584AA0092EB6A;
			productRefGroup = F55A4ED718E584AA0092EB6A /* Products */;
			projectDirPath = "";
			projectRoot = "";
			targets = (
				F55A4ED518E584AA0092EB6A /* CPDemoApp */,
				F55A4EF918E584AA0092EB6A /* CPDemoAppTests */,
			);
		};
/* End PBXProject section */

/* Begin PBXResourcesBuildPhase section */
		F55A4ED418E584AA0092EB6A /* Resources */ = {
			isa = PBXResourcesBuildPhase;
			buildActionMask = 2147483647;
			files = (
				F55A4EF018E584AA0092EB6A /* Main_iPad.storyboard in Resources */,
				F55A4EF518E584AA0092EB6A /* Images.xcassets in Resources */,
				F55A4EED18E584AA0092EB6A /* Main_iPhone.storyboard in Resources */,
				F55A4EE418E584AA0092EB6A /* InfoPlist.strings in Resources */,
			);
			runOnlyForDeploymentPostprocessing = 0;
		};
		F55A4EF818E584AA0092EB6A /* Resources */ = {
			isa = PBXResourcesBuildPhase;
			buildActionMask = 2147483647;
			files = (
				F55A4F0618E584AA0092EB6A /* InfoPlist.strings in Resources */,
			);
			runOnlyForDeploymentPostprocessing = 0;
		};
/* End PBXResourcesBuildPhase section */

/* Begin PBXShellScriptBuildPhase section */
		60C8D4B86C0D4216BFB812DE /* Check Pods Manifest.lock */ = {
			isa = PBXShellScriptBuildPhase;
			buildActionMask = 2147483647;
			files = (
			);
			inputPaths = (
			);
			name = "Check Pods Manifest.lock";
			outputPaths = (
			);
			runOnlyForDeploymentPostprocessing = 0;
			shellPath = /bin/sh;
			shellScript = "diff \"${PODS_ROOT}/../Podfile.lock\" \"${PODS_ROOT}/Manifest.lock\" > /dev/null\nif [[ $? != 0 ]] ; then\n    cat << EOM\nerror: The sandbox is not in sync with the Podfile.lock. Run 'pod install' or update your CocoaPods installation.\nEOM\n    exit 1\nfi\n";
			showEnvVarsInLog = 0;
		};
		BD40357AE11C4C28A55CB735 /* Copy Pods Resources */ = {
			isa = PBXShellScriptBuildPhase;
			buildActionMask = 2147483647;
			files = (
			);
			inputPaths = (
			);
			name = "Copy Pods Resources";
			outputPaths = (
			);
			runOnlyForDeploymentPostprocessing = 0;
			shellPath = /bin/sh;
			shellScript = "\"${SRCROOT}/../Pods/Pods-resources.sh\"\n";
			showEnvVarsInLog = 0;
		};
/* End PBXShellScriptBuildPhase section */

/* Begin PBXSourcesBuildPhase section */
		F55A4ED218E584AA0092EB6A /* Sources */ = {
			isa = PBXSourcesBuildPhase;
			buildActionMask = 2147483647;
			files = (
				F55A4EE618E584AA0092EB6A /* main.m in Sources */,
				F55A4EEA18E584AA0092EB6A /* CPAppDelegate.m in Sources */,
				F55A4EF318E584AA0092EB6A /* CPViewController.m in Sources */,
			);
			runOnlyForDeploymentPostprocessing = 0;
		};
		F55A4EF618E584AA0092EB6A /* Sources */ = {
			isa = PBXSourcesBuildPhase;
			buildActionMask = 2147483647;
			files = (
				F55A4F0818E584AA0092EB6A /* CPDemoAppTests.m in Sources */,
			);
			runOnlyForDeploymentPostprocessing = 0;
		};
/* End PBXSourcesBuildPhase section */

/* Begin PBXTargetDependency section */
		F55A4F0018E584AA0092EB6A /* PBXTargetDependency */ = {
			isa = PBXTargetDependency;
			target = F55A4ED518E584AA0092EB6A /* CPDemoApp */;
			targetProxy = F55A4EFF18E584AA0092EB6A /* PBXContainerItemProxy */;
		};
/* End PBXTargetDependency section */

/* Begin PBXVariantGroup section */
		F55A4EE218E584AA0092EB6A /* InfoPlist.strings */ = {
			isa = PBXVariantGroup;
			children = (
				F55A4EE318E584AA0092EB6A /* en */,
			);
			name = InfoPlist.strings;
			sourceTree = "<group>";
		};
		F55A4EEB18E584AA0092EB6A /* Main_iPhone.storyboard */ = {
			isa = PBXVariantGroup;
			children = (
				F55A4EEC18E584AA0092EB6A /* Base */,
			);
			name = Main_iPhone.storyboard;
			sourceTree = "<group>";
		};
		F55A4EEE18E584AA0092EB6A /* Main_iPad.storyboard */ = {
			isa = PBXVariantGroup;
			children = (
				F55A4EEF18E584AA0092EB6A /* Base */,
			);
			name = Main_iPad.storyboard;
			sourceTree = "<group>";
		};
		F55A4F0418E584AA0092EB6A /* InfoPlist.strings */ = {
			isa = PBXVariantGroup;
			children = (
				F55A4F0518E584AA0092EB6A /* en */,
			);
			name = InfoPlist.strings;
			sourceTree = "<group>";
		};
/* End PBXVariantGroup section */

/* Begin XCBuildConfiguration section */
		F55A4F0918E584AA0092EB6A /* Debug */ = {
			isa = XCBuildConfiguration;
			buildSettings = {
				ALWAYS_SEARCH_USER_PATHS = NO;
				CLANG_CXX_LANGUAGE_STANDARD = "gnu++0x";
				CLANG_CXX_LIBRARY = "libc++";
				CLANG_ENABLE_MODULES = YES;
				CLANG_ENABLE_OBJC_ARC = YES;
				CLANG_WARN_BOOL_CONVERSION = YES;
				CLANG_WARN_CONSTANT_CONVERSION = YES;
				CLANG_WARN_DIRECT_OBJC_ISA_USAGE = YES_ERROR;
				CLANG_WARN_EMPTY_BODY = YES;
				CLANG_WARN_ENUM_CONVERSION = YES;
				CLANG_WARN_INT_CONVERSION = YES;
				CLANG_WARN_OBJC_ROOT_CLASS = YES_ERROR;
				CLANG_WARN__DUPLICATE_METHOD_MATCH = YES;
				"CODE_SIGN_IDENTITY[sdk=iphoneos*]" = "iPhone Developer";
				COPY_PHASE_STRIP = NO;
				GCC_C_LANGUAGE_STANDARD = gnu99;
				GCC_DYNAMIC_NO_PIC = NO;
				GCC_OPTIMIZATION_LEVEL = 0;
				GCC_PREPROCESSOR_DEFINITIONS = (
					"DEBUG=1",
					"$(inherited)",
				);
				GCC_SYMBOLS_PRIVATE_EXTERN = NO;
				GCC_WARN_64_TO_32_BIT_CONVERSION = YES;
				GCC_WARN_ABOUT_RETURN_TYPE = YES_ERROR;
				GCC_WARN_UNDECLARED_SELECTOR = YES;
				GCC_WARN_UNINITIALIZED_AUTOS = YES_AGGRESSIVE;
				GCC_WARN_UNUSED_FUNCTION = YES;
				GCC_WARN_UNUSED_VARIABLE = YES;
				IPHONEOS_DEPLOYMENT_TARGET = 7.0;
				ONLY_ACTIVE_ARCH = YES;
				SDKROOT = iphoneos;
				TARGETED_DEVICE_FAMILY = "1,2";
			};
			name = Debug;
		};
		F55A4F0A18E584AA0092EB6A /* Release */ = {
			isa = XCBuildConfiguration;
			buildSettings = {
				ALWAYS_SEARCH_USER_PATHS = NO;
				CLANG_CXX_LANGUAGE_STANDARD = "gnu++0x";
				CLANG_CXX_LIBRARY = "libc++";
				CLANG_ENABLE_MODULES = YES;
				CLANG_ENABLE_OBJC_ARC = YES;
				CLANG_WARN_BOOL_CONVERSION = YES;
				CLANG_WARN_CONSTANT_CONVERSION = YES;
				CLANG_WARN_DIRECT_OBJC_ISA_USAGE = YES_ERROR;
				CLANG_WARN_EMPTY_BODY = YES;
				CLANG_WARN_ENUM_CONVERSION = YES;
				CLANG_WARN_INT_CONVERSION = YES;
				CLANG_WARN_OBJC_ROOT_CLASS = YES_ERROR;
				CLANG_WARN__DUPLICATE_METHOD_MATCH = YES;
				"CODE_SIGN_IDENTITY[sdk=iphoneos*]" = "iPhone Developer";
				COPY_PHASE_STRIP = YES;
				ENABLE_NS_ASSERTIONS = NO;
				GCC_C_LANGUAGE_STANDARD = gnu99;
				GCC_WARN_64_TO_32_BIT_CONVERSION = YES;
				GCC_WARN_ABOUT_RETURN_TYPE = YES_ERROR;
				GCC_WARN_UNDECLARED_SELECTOR = YES;
				GCC_WARN_UNINITIALIZED_AUTOS = YES_AGGRESSIVE;
				GCC_WARN_UNUSED_FUNCTION = YES;
				GCC_WARN_UNUSED_VARIABLE = YES;
				IPHONEOS_DEPLOYMENT_TARGET = 7.0;
				SDKROOT = iphoneos;
				TARGETED_DEVICE_FAMILY = "1,2";
				VALIDATE_PRODUCT = YES;
			};
			name = Release;
		};
		F55A4F0C18E584AA0092EB6A /* Debug */ = {
			isa = XCBuildConfiguration;
			baseConfigurationReference = F03C12D5C83842B896219CE7 /* Pods.xcconfig */;
			buildSettings = {
				ASSETCATALOG_COMPILER_APPICON_NAME = AppIcon;
				ASSETCATALOG_COMPILER_LAUNCHIMAGE_NAME = LaunchImage;
				CODE_SIGN_IDENTITY = "iPhone Developer";
				GCC_PRECOMPILE_PREFIX_HEADER = YES;
				GCC_PREFIX_HEADER = "CPDemoApp/CPDemoApp-Prefix.pch";
				INFOPLIST_FILE = "CPDemoApp/CPDemoApp-Info.plist";
				IPHONEOS_DEPLOYMENT_TARGET = 7.0;
				PRODUCT_NAME = "$(TARGET_NAME)";
				WRAPPER_EXTENSION = app;
			};
			name = Debug;
		};
		F55A4F0D18E584AA0092EB6A /* Release */ = {
			isa = XCBuildConfiguration;
			baseConfigurationReference = F03C12D5C83842B896219CE7 /* Pods.xcconfig */;
			buildSettings = {
				ASSETCATALOG_COMPILER_APPICON_NAME = AppIcon;
				ASSETCATALOG_COMPILER_LAUNCHIMAGE_NAME = LaunchImage;
				CODE_SIGN_IDENTITY = "iPhone Developer";
				GCC_PRECOMPILE_PREFIX_HEADER = YES;
				GCC_PREFIX_HEADER = "CPDemoApp/CPDemoApp-Prefix.pch";
				INFOPLIST_FILE = "CPDemoApp/CPDemoApp-Info.plist";
				IPHONEOS_DEPLOYMENT_TARGET = 7.0;
				PRODUCT_NAME = "$(TARGET_NAME)";
				WRAPPER_EXTENSION = app;
			};
			name = Release;
		};
		F55A4F0F18E584AA0092EB6A /* Debug */ = {
			isa = XCBuildConfiguration;
			buildSettings = {
				BUNDLE_LOADER = "$(BUILT_PRODUCTS_DIR)/CPDemoApp.app/CPDemoApp";
				FRAMEWORK_SEARCH_PATHS = (
					"$(SDKROOT)/Developer/Library/Frameworks",
					"$(inherited)",
					"$(DEVELOPER_FRAMEWORKS_DIR)",
				);
				GCC_PRECOMPILE_PREFIX_HEADER = YES;
				GCC_PREFIX_HEADER = "CPDemoApp/CPDemoApp-Prefix.pch";
				GCC_PREPROCESSOR_DEFINITIONS = (
					"DEBUG=1",
					"$(inherited)",
				);
				INFOPLIST_FILE = "CPDemoAppTests/CPDemoAppTests-Info.plist";
				PRODUCT_NAME = "$(TARGET_NAME)";
				TEST_HOST = "$(BUNDLE_LOADER)";
				WRAPPER_EXTENSION = xctest;
			};
			name = Debug;
		};
		F55A4F1018E584AA0092EB6A /* Release */ = {
			isa = XCBuildConfiguration;
			buildSettings = {
				BUNDLE_LOADER = "$(BUILT_PRODUCTS_DIR)/CPDemoApp.app/CPDemoApp";
				FRAMEWORK_SEARCH_PATHS = (
					"$(SDKROOT)/Developer/Library/Frameworks",
					"$(inherited)",
					"$(DEVELOPER_FRAMEWORKS_DIR)",
				);
				GCC_PRECOMPILE_PREFIX_HEADER = YES;
				GCC_PREFIX_HEADER = "CPDemoApp/CPDemoApp-Prefix.pch";
				INFOPLIST_FILE = "CPDemoAppTests/CPDemoAppTests-Info.plist";
				PRODUCT_NAME = "$(TARGET_NAME)";
				TEST_HOST = "$(BUNDLE_LOADER)";
				WRAPPER_EXTENSION = xctest;
			};
			name = Release;
		};
/* End XCBuildConfiguration section */

/* Begin XCConfigurationList section */
		F55A4ED118E584AA0092EB6A /* Build configuration list for PBXProject "CPDemoApp" */ = {
			isa = XCConfigurationList;
			buildConfigurations = (
				F55A4F0918E584AA0092EB6A /* Debug */,
				F55A4F0A18E584AA0092EB6A /* Release */,
			);
			defaultConfigurationIsVisible = 0;
			defaultConfigurationName = Release;
		};
		F55A4F0B18E584AA0092EB6A /* Build configuration list for PBXNativeTarget "CPDemoApp" */ = {
			isa = XCConfigurationList;
			buildConfigurations = (
				F55A4F0C18E584AA0092EB6A /* Debug */,
				F55A4F0D18E584AA0092EB6A /* Release */,
			);
			defaultConfigurationIsVisible = 0;
			defaultConfigurationName = Release;
		};
		F55A4F0E18E584AA0092EB6A /* Build configuration list for PBXNativeTarget "CPDemoAppTests" */ = {
			isa = XCConfigurationList;
			buildConfigurations = (
				F55A4F0F18E584AA0092EB6A /* Debug */,
				F55A4F1018E584AA0092EB6A /* Release */,
			);
			defaultConfigurationIsVisible = 0;
			defaultConfigurationName = Release;
		};
/* End XCConfigurationList section */
	};
	rootObject = F55A4ECE18E584AA0092EB6A /* Project object */;
}
